<?xml version="1.0" encoding="utf-8"?>
<Project ToolsVersion="4.0" xmlns="http://schemas.microsoft.com/developer/msbuild/2003">
  <ItemGroup>
    <Filter Include="Resource Files">
      <UniqueIdentifier>{67DA6AB6-F800-4c08-8B7A-83BB121AAD01}</UniqueIdentifier>
      <Extensions>rc;ico;cur;bmp;dlg;rc2;rct;bin;rgs;gif;jpg;jpeg;jpe;resx;tiff;tif;png;wav;mfcribbon-ms</Extensions>
    </Filter>
    <Filter Include="Engine">
      <UniqueIdentifier>{fe172c02-b7c9-4a1b-89e2-862b02e125da}</UniqueIdentifier>
    </Filter>
    <Filter Include="PHS_Application">
      <UniqueIdentifier>{ef97f234-09b8-4e3f-b389-f1911329aa86}</UniqueIdentifier>
    </Filter>
    <Filter Include="Engine\Time">
      <UniqueIdentifier>{a2ca13ec-489b-4063-bf87-e646aee4c18d}</UniqueIdentifier>
    </Filter>
    <Filter Include="Engine\Bodies">
      <UniqueIdentifier>{c997b92b-e5c1-46aa-ad85-cd7eb983091a}</UniqueIdentifier>
    </Filter>
    <Filter Include="Engine\Integrators">
      <UniqueIdentifier>{cbc27602-aacf-4496-a509-361d6d9d121a}</UniqueIdentifier>
    </Filter>
    <Filter Include="Engine\ForceGenerators">
      <UniqueIdentifier>{ccd76267-9164-4243-87ef-475f0c67dfe3}</UniqueIdentifier>
    </Filter>
    <Filter Include="Engine\World">
      <UniqueIdentifier>{abf096f9-075f-4725-9527-f2720251a2e3}</UniqueIdentifier>
    </Filter>
    <Filter Include="Engine\ForceGenerators\Wind">
      <UniqueIdentifier>{d3506f4e-a88f-4805-bf66-51eeeda9e4c9}</UniqueIdentifier>
    </Filter>
    <Filter Include="Engine\ForceGenerators\Springs">
      <UniqueIdentifier>{b85c24b1-ae95-472f-bda3-9673f424ccd9}</UniqueIdentifier>
    </Filter>
    <Filter Include="Engine\Core">
      <UniqueIdentifier>{8f32112b-d41f-4192-8350-ea6039cd53f9}</UniqueIdentifier>
    </Filter>
    <Filter Include="Engine\Core\Datastructures">
      <UniqueIdentifier>{ae87940a-0f38-4a7f-b941-5b24e48b4479}</UniqueIdentifier>
    </Filter>
    <Filter Include="Engine\Core\Datastructures\FreeList">
      <UniqueIdentifier>{8ae0c6bc-af14-4860-9428-a18a54996b5a}</UniqueIdentifier>
    </Filter>
    <Filter Include="Engine\Renderer">
      <UniqueIdentifier>{bf98be64-fc91-4626-90af-80de78cfd820}</UniqueIdentifier>
    </Filter>
    <Filter Include="Engine\Core\Datastructures\PackedArray">
      <UniqueIdentifier>{e44ddb62-3470-460c-9bd8-8f98a6faa7a7}</UniqueIdentifier>
    </Filter>
    <Filter Include="Engine\ForceGenerators\Gravity">
      <UniqueIdentifier>{5c4f9172-e7f8-4fd9-8862-92f888107347}</UniqueIdentifier>
    </Filter>
  </ItemGroup>
  <ItemGroup>
    <ClCompile Include="Application.cpp">
      <Filter>PHS_Application</Filter>
    </ClCompile>
    <ClCompile Include="Clock.cpp">
      <Filter>Engine\Time</Filter>
    </ClCompile>
    <ClCompile Include="Particle.cpp">
      <Filter>Engine\Bodies</Filter>
    </ClCompile>
    <ClCompile Include="WindForceGenerator.cpp">
      <Filter>Engine\ForceGenerators\Wind</Filter>
    </ClCompile>
    <ClCompile Include="SpringJoint.cpp">
      <Filter>Engine\ForceGenerators\Springs</Filter>
    </ClCompile>
    <ClCompile Include="AnchoredSpring.cpp">
      <Filter>Engine\ForceGenerators\Springs</Filter>
    </ClCompile>
    <ClCompile Include="World.cpp">
      <Filter>Engine\World</Filter>
    </ClCompile>
    <ClCompile Include="FreeList.cpp">
      <Filter>Engine\Core\Datastructures\FreeList</Filter>
    </ClCompile>
    <ClCompile Include="WorldRenderer.cpp">
      <Filter>Engine\Renderer</Filter>
    </ClCompile>
    <ClCompile Include="GravityForceGenerator.cpp">
      <Filter>Engine\ForceGenerators\Gravity</Filter>
    </ClCompile>
  </ItemGroup>
  <ItemGroup>
    <ClInclude Include="Clock.h">
      <Filter>Engine\Time</Filter>
    </ClInclude>
    <ClInclude Include="Particle.h">
      <Filter>Engine\Bodies</Filter>
    </ClInclude>
    <ClInclude Include="WorldConfiguration.h">
      <Filter>Engine\World</Filter>
    </ClInclude>
    <ClInclude Include="WindForceGenerator.h">
      <Filter>Engine\ForceGenerators\Wind</Filter>
    </ClInclude>
    <ClInclude Include="SpringJoint.h">
      <Filter>Engine\ForceGenerators\Springs</Filter>
    </ClInclude>
    <ClInclude Include="AnchoredSpring.h">
      <Filter>Engine\ForceGenerators\Springs</Filter>
    </ClInclude>
    <ClInclude Include="World.h">
      <Filter>Engine\World</Filter>
    </ClInclude>
    <ClInclude Include="FreeList.h">
      <Filter>Engine\Core\Datastructures\FreeList</Filter>
    </ClInclude>
    <ClInclude Include="WorldRenderer.h">
      <Filter>Engine\Renderer</Filter>
    </ClInclude>
    <ClInclude Include="PackedArray.h">
      <Filter>Engine\Core\Datastructures\PackedArray</Filter>
    </ClInclude>
    <ClInclude Include="GravityForceGenerator.h">
      <Filter>Engine\ForceGenerators\Gravity</Filter>
    </ClInclude>
  </ItemGroup>
</Project>